
Microsoft Visual Studio Solution File, Format Version 12.00
# Visual Studio 15
VisualStudioVersion = 15.0.28307.645
MinimumVisualStudioVersion = 10.0.40219.1
Project("{FAE04EC0-301F-11D3-BF4B-00C04F79EFBC}") = "LinesConsole", "LinesConsole\LinesConsole.csproj", "{B30F9532-350F-4641-963F-924CE4F3E552}"
EndProject
Global
	GlobalSection(SolutionConfigurationPlatforms) = preSolution
		Debug|Any CPU = Debug|Any CPU
		Release|Any CPU = Release|Any CPU
	EndGlobalSection
	GlobalSection(ProjectConfigurationPlatforms) = postSolution
		{B30F9532-350F-4641-963F-924CE4F3E552}.Debug|Any CPU.ActiveCfg = Debug|Any CPU
		{B30F9532-350F-4641-963F-924CE4F3E552}.Debug|Any CPU.Build.0 = Debug|Any CPU
		{B30F9532-350F-4641-963F-924CE4F3E552}.Release|Any CPU.ActiveCfg = Release|Any CPU
		{B30F9532-350F-4641-963F-924CE4F3E552}.Release|Any CPU.Build.0 = Release|Any CPU
	EndGlobalSection
	GlobalSection(SolutionProperties) = preSolution
		HideSolutionNode = FALSE
	EndGlobalSection
	GlobalSection(ExtensibilityGlobals) = postSolution
		SolutionGuid = {D888120F-49E7-4A3E-AFAF-41B32A20310C}
	EndGlobalSection
EndGlobal
